
Microsoft Visual Studio Solution File, Format Version 12.00
# Visual Studio Version 17
VisualStudioVersion = 17.8.34525.116
MinimumVisualStudioVersion = 10.0.40219.1
Project("{FAE04EC0-301F-11D3-BF4B-00C04F79EFBC}") = "YADERNYi2", "YADERNYi2\YADERNYi2.csproj", "{17683D7E-75F5-4CB1-91A1-11B3E99029C4}"
EndProject
Global
	GlobalSection(SolutionConfigurationPlatforms) = preSolution
		Debug|Any CPU = Debug|Any CPU
		Release|Any CPU = Release|Any CPU
	EndGlobalSection
	GlobalSection(ProjectConfigurationPlatforms) = postSolution
		{17683D7E-75F5-4CB1-91A1-11B3E99029C4}.Debug|Any CPU.ActiveCfg = Debug|Any CPU
		{17683D7E-75F5-4CB1-91A1-11B3E99029C4}.Debug|Any CPU.Build.0 = Debug|Any CPU
		{17683D7E-75F5-4CB1-91A1-11B3E99029C4}.Release|Any CPU.ActiveCfg = Release|Any CPU
		{17683D7E-75F5-4CB1-91A1-11B3E99029C4}.Release|Any CPU.Build.0 = Release|Any CPU
	EndGlobalSection
	GlobalSection(SolutionProperties) = preSolution
		HideSolutionNode = FALSE
	EndGlobalSection
	GlobalSection(ExtensibilityGlobals) = postSolution
		SolutionGuid = {8406F0DE-85A2-4307-A397-76ABF2893371}
	EndGlobalSection
EndGlobal
